
Microsoft Visual Studio Solution File, Format Version 12.00
# Visual Studio Version 17
VisualStudioVersion = 17.0.31903.59
MinimumVisualStudioVersion = 10.0.40219.1
Project("{2150E333-8FDC-42A3-9474-1A3956D46DE8}") = "src", "src", "{827E0CD3-B72D-47B6-A68D-7590B98EB39B}"
EndProject
Project("{FAE04EC0-301F-11D3-BF4B-00C04F79EFBC}") = "GumpForge.Core", "src\GumpForge.Core\GumpForge.Core.csproj", "{1B44CAC3-B7B2-4A21-ABE2-C9DDDF1BE5A8}"
EndProject
Project("{FAE04EC0-301F-11D3-BF4B-00C04F79EFBC}") = "GumpForge.Formats", "src\GumpForge.Formats\GumpForge.Formats.csproj", "{4C0304B9-9D7D-4EBD-8A5D-7B446C564215}"
EndProject
Project("{FAE04EC0-301F-11D3-BF4B-00C04F79EFBC}") = "GumpForge.Generators", "src\GumpForge.Generators\GumpForge.Generators.csproj", "{9D50A858-0C7A-4807-B488-3BA258D08858}"
EndProject
Project("{FAE04EC0-301F-11D3-BF4B-00C04F79EFBC}") = "GumpForge.Parsers", "src\GumpForge.Parsers\GumpForge.Parsers.csproj", "{BADB84F1-622D-4A9C-9ADD-7E08877B33C1}"
EndProject
Project("{FAE04EC0-301F-11D3-BF4B-00C04F79EFBC}") = "GumpForge.Rendering", "src\GumpForge.Rendering\GumpForge.Rendering.csproj", "{88A25F19-1395-4A15-85F8-E4761DFE6532}"
EndProject
Project("{FAE04EC0-301F-11D3-BF4B-00C04F79EFBC}") = "GumpForge.App", "src\GumpForge.App\GumpForge.App.csproj", "{DEEECB1F-DC34-4B3F-983A-FEE9FC0AAABF}"
EndProject
Project("{FAE04EC0-301F-11D3-BF4B-00C04F79EFBC}") = "GumpForge.Core.Tests", "tests\GumpForge.Core.Tests\GumpForge.Core.Tests.csproj", "{B1C67AD2-8990-49BE-AAC7-BF5D4CC31AB0}"
EndProject
Project("{FAE04EC0-301F-11D3-BF4B-00C04F79EFBC}") = "GumpForge.Formats.Tests", "tests\GumpForge.Formats.Tests\GumpForge.Formats.Tests.csproj", "{47DAE5B6-649A-49EC-9082-6DA4744D2504}"
EndProject
Project("{FAE04EC0-301F-11D3-BF4B-00C04F79EFBC}") = "GumpForge.Generators.Tests", "tests\GumpForge.Generators.Tests\GumpForge.Generators.Tests.csproj", "{463B0EDD-17F8-4640-B548-80ADD1495FB1}"
EndProject
Project("{FAE04EC0-301F-11D3-BF4B-00C04F79EFBC}") = "GumpForge.ScriptAnalysis", "src\GumpForge.ScriptAnalysis\GumpForge.ScriptAnalysis.csproj", "{32F02AE2-8B1F-4693-B9C8-F98E7F12CD8F}"
EndProject
Global
	GlobalSection(SolutionConfigurationPlatforms) = preSolution
		Debug|Any CPU = Debug|Any CPU
		Debug|x64 = Debug|x64
		Debug|x86 = Debug|x86
		Release|Any CPU = Release|Any CPU
		Release|x64 = Release|x64
		Release|x86 = Release|x86
	EndGlobalSection
	GlobalSection(ProjectConfigurationPlatforms) = postSolution
		{1B44CAC3-B7B2-4A21-ABE2-C9DDDF1BE5A8}.Debug|Any CPU.ActiveCfg = Debug|Any CPU
		{1B44CAC3-B7B2-4A21-ABE2-C9DDDF1BE5A8}.Debug|Any CPU.Build.0 = Debug|Any CPU
		{1B44CAC3-B7B2-4A21-ABE2-C9DDDF1BE5A8}.Debug|x64.ActiveCfg = Debug|Any CPU
		{1B44CAC3-B7B2-4A21-ABE2-C9DDDF1BE5A8}.Debug|x64.Build.0 = Debug|Any CPU
		{1B44CAC3-B7B2-4A21-ABE2-C9DDDF1BE5A8}.Debug|x86.ActiveCfg = Debug|Any CPU
		{1B44CAC3-B7B2-4A21-ABE2-C9DDDF1BE5A8}.Debug|x86.Build.0 = Debug|Any CPU
		{1B44CAC3-B7B2-4A21-ABE2-C9DDDF1BE5A8}.Release|Any CPU.ActiveCfg = Release|Any CPU
		{1B44CAC3-B7B2-4A21-ABE2-C9DDDF1BE5A8}.Release|Any CPU.Build.0 = Release|Any CPU
		{1B44CAC3-B7B2-4A21-ABE2-C9DDDF1BE5A8}.Release|x64.ActiveCfg = Release|Any CPU
		{1B44CAC3-B7B2-4A21-ABE2-C9DDDF1BE5A8}.Release|x64.Build.0 = Release|Any CPU
		{1B44CAC3-B7B2-4A21-ABE2-C9DDDF1BE5A8}.Release|x86.ActiveCfg = Release|Any CPU
		{1B44CAC3-B7B2-4A21-ABE2-C9DDDF1BE5A8}.Release|x86.Build.0 = Release|Any CPU
		{4C0304B9-9D7D-4EBD-8A5D-7B446C564215}.Debug|Any CPU.ActiveCfg = Debug|Any CPU
		{4C0304B9-9D7D-4EBD-8A5D-7B446C564215}.Debug|Any CPU.Build.0 = Debug|Any CPU
		{4C0304B9-9D7D-4EBD-8A5D-7B446C564215}.Debug|x64.ActiveCfg = Debug|Any CPU
		{4C0304B9-9D7D-4EBD-8A5D-7B446C564215}.Debug|x64.Build.0 = Debug|Any CPU
		{4C0304B9-9D7D-4EBD-8A5D-7B446C564215}.Debug|x86.ActiveCfg = Debug|Any CPU
		{4C0304B9-9D7D-4EBD-8A5D-7B446C564215}.Debug|x86.Build.0 = Debug|Any CPU
		{4C0304B9-9D7D-4EBD-8A5D-7B446C564215}.Release|Any CPU.ActiveCfg = Release|Any CPU
		{4C0304B9-9D7D-4EBD-8A5D-7B446C564215}.Release|Any CPU.Build.0 = Release|Any CPU
		{4C0304B9-9D7D-4EBD-8A5D-7B446C564215}.Release|x64.ActiveCfg = Release|Any CPU
		{4C0304B9-9D7D-4EBD-8A5D-7B446C564215}.Release|x64.Build.0 = Release|Any CPU
		{4C0304B9-9D7D-4EBD-8A5D-7B446C564215}.Release|x86.ActiveCfg = Release|Any CPU
		{4C0304B9-9D7D-4EBD-8A5D-7B446C564215}.Release|x86.Build.0 = Release|Any CPU
		{9D50A858-0C7A-4807-B488-3BA258D08858}.Debug|Any CPU.ActiveCfg = Debug|Any CPU
		{9D50A858-0C7A-4807-B488-3BA258D08858}.Debug|Any CPU.Build.0 = Debug|Any CPU
		{9D50A858-0C7A-4807-B488-3BA258D08858}.Debug|x64.ActiveCfg = Debug|Any CPU
		{9D50A858-0C7A-4807-B488-3BA258D08858}.Debug|x64.Build.0 = Debug|Any CPU
		{9D50A858-0C7A-4807-B488-3BA258D08858}.Debug|x86.ActiveCfg = Debug|Any CPU
		{9D50A858-0C7A-4807-B488-3BA258D08858}.Debug|x86.Build.0 = Debug|Any CPU
		{9D50A858-0C7A-4807-B488-3BA258D08858}.Release|Any CPU.ActiveCfg = Release|Any CPU
		{9D50A858-0C7A-4807-B488-3BA258D08858}.Release|Any CPU.Build.0 = Release|Any CPU
		{9D50A858-0C7A-4807-B488-3BA258D08858}.Release|x64.ActiveCfg = Release|Any CPU
		{9D50A858-0C7A-4807-B488-3BA258D08858}.Release|x64.Build.0 = Release|Any CPU
		{9D50A858-0C7A-4807-B488-3BA258D08858}.Release|x86.ActiveCfg = Release|Any CPU
		{9D50A858-0C7A-4807-B488-3BA258D08858}.Release|x86.Build.0 = Release|Any CPU
		{BADB84F1-622D-4A9C-9ADD-7E08877B33C1}.Debug|Any CPU.ActiveCfg = Debug|Any CPU
		{BADB84F1-622D-4A9C-9ADD-7E08877B33C1}.Debug|Any CPU.Build.0 = Debug|Any CPU
		{BADB84F1-622D-4A9C-9ADD-7E08877B33C1}.Debug|x64.ActiveCfg = Debug|Any CPU
		{BADB84F1-622D-4A9C-9ADD-7E08877B33C1}.Debug|x64.Build.0 = Debug|Any CPU
		{BADB84F1-622D-4A9C-9ADD-7E08877B33C1}.Debug|x86.ActiveCfg = Debug|Any CPU
		{BADB84F1-622D-4A9C-9ADD-7E08877B33C1}.Debug|x86.Build.0 = Debug|Any CPU
		{BADB84F1-622D-4A9C-9ADD-7E08877B33C1}.Release|Any CPU.ActiveCfg = Release|Any CPU
		{BADB84F1-622D-4A9C-9ADD-7E08877B33C1}.Release|Any CPU.Build.0 = Release|Any CPU
		{BADB84F1-622D-4A9C-9ADD-7E08877B33C1}.Release|x64.ActiveCfg = Release|Any CPU
		{BADB84F1-622D-4A9C-9ADD-7E08877B33C1}.Release|x64.Build.0 = Release|Any CPU
		{BADB84F1-622D-4A9C-9ADD-7E08877B33C1}.Release|x86.ActiveCfg = Release|Any CPU
		{BADB84F1-622D-4A9C-9ADD-7E08877B33C1}.Release|x86.Build.0 = Release|Any CPU
		{88A25F19-1395-4A15-85F8-E4761DFE6532}.Debug|Any CPU.ActiveCfg = Debug|Any CPU
		{88A25F19-1395-4A15-85F8-E4761DFE6532}.Debug|Any CPU.Build.0 = Debug|Any CPU
		{88A25F19-1395-4A15-85F8-E4761DFE6532}.Debug|x64.ActiveCfg = Debug|Any CPU
		{88A25F19-1395-4A15-85F8-E4761DFE6532}.Debug|x64.Build.0 = Debug|Any CPU
		{88A25F19-1395-4A15-85F8-E4761DFE6532}.Debug|x86.ActiveCfg = Debug|Any CPU
		{88A25F19-1395-4A15-85F8-E4761DFE6532}.Debug|x86.Build.0 = Debug|Any CPU
		{88A25F19-1395-4A15-85F8-E4761DFE6532}.Release|Any CPU.ActiveCfg = Release|Any CPU
		{88A25F19-1395-4A15-85F8-E4761DFE6532}.Release|Any CPU.Build.0 = Release|Any CPU
		{88A25F19-1395-4A15-85F8-E4761DFE6532}.Release|x64.ActiveCfg = Release|Any CPU
		{88A25F19-1395-4A15-85F8-E4761DFE6532}.Release|x64.Build.0 = Release|Any CPU
		{88A25F19-1395-4A15-85F8-E4761DFE6532}.Release|x86.ActiveCfg = Release|Any CPU
		{88A25F19-1395-4A15-85F8-E4761DFE6532}.Release|x86.Build.0 = Release|Any CPU
		{DEEECB1F-DC34-4B3F-983A-FEE9FC0AAABF}.Debug|Any CPU.ActiveCfg = Debug|Any CPU
		{DEEECB1F-DC34-4B3F-983A-FEE9FC0AAABF}.Debug|Any CPU.Build.0 = Debug|Any CPU
		{DEEECB1F-DC34-4B3F-983A-FEE9FC0AAABF}.Debug|x64.ActiveCfg = Debug|Any CPU
		{DEEECB1F-DC34-4B3F-983A-FEE9FC0AAABF}.Debug|x64.Build.0 = Debug|Any CPU
		{DEEECB1F-DC34-4B3F-983A-FEE9FC0AAABF}.Debug|x86.ActiveCfg = Debug|Any CPU
		{DEEECB1F-DC34-4B3F-983A-FEE9FC0AAABF}.Debug|x86.Build.0 = Debug|Any CPU
		{DEEECB1F-DC34-4B3F-983A-FEE9FC0AAABF}.Release|Any CPU.ActiveCfg = Release|Any CPU
		{DEEECB1F-DC34-4B3F-983A-FEE9FC0AAABF}.Release|Any CPU.Build.0 = Release|Any CPU
		{DEEECB1F-DC34-4B3F-983A-FEE9FC0AAABF}.Release|x64.ActiveCfg = Release|Any CPU
		{DEEECB1F-DC34-4B3F-983A-FEE9FC0AAABF}.Release|x64.Build.0 = Release|Any CPU
		{DEEECB1F-DC34-4B3F-983A-FEE9FC0AAABF}.Release|x86.ActiveCfg = Release|Any CPU
		{DEEECB1F-DC34-4B3F-983A-FEE9FC0AAABF}.Release|x86.Build.0 = Release|Any CPU
		{B1C67AD2-8990-49BE-AAC7-BF5D4CC31AB0}.Debug|Any CPU.ActiveCfg = Debug|Any CPU
		{B1C67AD2-8990-49BE-AAC7-BF5D4CC31AB0}.Debug|Any CPU.Build.0 = Debug|Any CPU
		{B1C67AD2-8990-49BE-AAC7-BF5D4CC31AB0}.Debug|x64.ActiveCfg = Debug|Any CPU
		{B1C67AD2-8990-49BE-AAC7-BF5D4CC31AB0}.Debug|x64.Build.0 = Debug|Any CPU
		{B1C67AD2-8990-49BE-AAC7-BF5D4CC31AB0}.Debug|x86.ActiveCfg = Debug|Any CPU
		{B1C67AD2-8990-49BE-AAC7-BF5D4CC31AB0}.Debug|x86.Build.0 = Debug|Any CPU
		{B1C67AD2-8990-49BE-AAC7-BF5D4CC31AB0}.Release|Any CPU.ActiveCfg = Release|Any CPU
		{B1C67AD2-8990-49BE-AAC7-BF5D4CC31AB0}.Release|Any CPU.Build.0 = Release|Any CPU
		{B1C67AD2-8990-49BE-AAC7-BF5D4CC31AB0}.Release|x64.ActiveCfg = Release|Any CPU
		{B1C67AD2-8990-49BE-AAC7-BF5D4CC31AB0}.Release|x64.Build.0 = Release|Any CPU
		{B1C67AD2-8990-49BE-AAC7-BF5D4CC31AB0}.Release|x86.ActiveCfg = Release|Any CPU
		{B1C67AD2-8990-49BE-AAC7-BF5D4CC31AB0}.Release|x86.Build.0 = Release|Any CPU
		{47DAE5B6-649A-49EC-9082-6DA4744D2504}.Debug|Any CPU.ActiveCfg = Debug|Any CPU
		{47DAE5B6-649A-49EC-9082-6DA4744D2504}.Debug|Any CPU.Build.0 = Debug|Any CPU
		{47DAE5B6-649A-49EC-9082-6DA4744D2504}.Debug|x64.ActiveCfg = Debug|Any CPU
		{47DAE5B6-649A-49EC-9082-6DA4744D2504}.Debug|x64.Build.0 = Debug|Any CPU
		{47DAE5B6-649A-49EC-9082-6DA4744D2504}.Debug|x86.ActiveCfg = Debug|Any CPU
		{47DAE5B6-649A-49EC-9082-6DA4744D2504}.Debug|x86.Build.0 = Debug|Any CPU
		{47DAE5B6-649A-49EC-9082-6DA4744D2504}.Release|Any CPU.ActiveCfg = Release|Any CPU
		{47DAE5B6-649A-49EC-9082-6DA4744D2504}.Release|Any CPU.Build.0 = Release|Any CPU
		{47DAE5B6-649A-49EC-9082-6DA4744D2504}.Release|x64.ActiveCfg = Release|Any CPU
		{47DAE5B6-649A-49EC-9082-6DA4744D2504}.Release|x64.Build.0 = Release|Any CPU
		{47DAE5B6-649A-49EC-9082-6DA4744D2504}.Release|x86.ActiveCfg = Release|Any CPU
		{47DAE5B6-649A-49EC-9082-6DA4744D2504}.Release|x86.Build.0 = Release|Any CPU
		{463B0EDD-17F8-4640-B548-80ADD1495FB1}.Debug|Any CPU.ActiveCfg = Debug|Any CPU
		{463B0EDD-17F8-4640-B548-80ADD1495FB1}.Debug|Any CPU.Build.0 = Debug|Any CPU
		{463B0EDD-17F8-4640-B548-80ADD1495FB1}.Debug|x64.ActiveCfg = Debug|Any CPU
		{463B0EDD-17F8-4640-B548-80ADD1495FB1}.Debug|x64.Build.0 = Debug|Any CPU
		{463B0EDD-17F8-4640-B548-80ADD1495FB1}.Debug|x86.ActiveCfg = Debug|Any CPU
		{463B0EDD-17F8-4640-B548-80ADD1495FB1}.Debug|x86.Build.0 = Debug|Any CPU
		{463B0EDD-17F8-4640-B548-80ADD1495FB1}.Release|Any CPU.ActiveCfg = Release|Any CPU
		{463B0EDD-17F8-4640-B548-80ADD1495FB1}.Release|Any CPU.Build.0 = Release|Any CPU
		{463B0EDD-17F8-4640-B548-80ADD1495FB1}.Release|x64.ActiveCfg = Release|Any CPU
		{463B0EDD-17F8-4640-B548-80ADD1495FB1}.Release|x64.Build.0 = Release|Any CPU
		{463B0EDD-17F8-4640-B548-80ADD1495FB1}.Release|x86.ActiveCfg = Release|Any CPU
		{463B0EDD-17F8-4640-B548-80ADD1495FB1}.Release|x86.Build.0 = Release|Any CPU
		{32F02AE2-8B1F-4693-B9C8-F98E7F12CD8F}.Debug|Any CPU.ActiveCfg = Debug|Any CPU
		{32F02AE2-8B1F-4693-B9C8-F98E7F12CD8F}.Debug|Any CPU.Build.0 = Debug|Any CPU
		{32F02AE2-8B1F-4693-B9C8-F98E7F12CD8F}.Debug|x64.ActiveCfg = Debug|Any CPU
		{32F02AE2-8B1F-4693-B9C8-F98E7F12CD8F}.Debug|x64.Build.0 = Debug|Any CPU
		{32F02AE2-8B1F-4693-B9C8-F98E7F12CD8F}.Debug|x86.ActiveCfg = Debug|Any CPU
		{32F02AE2-8B1F-4693-B9C8-F98E7F12CD8F}.Debug|x86.Build.0 = Debug|Any CPU
		{32F02AE2-8B1F-4693-B9C8-F98E7F12CD8F}.Release|Any CPU.ActiveCfg = Release|Any CPU
		{32F02AE2-8B1F-4693-B9C8-F98E7F12CD8F}.Release|Any CPU.Build.0 = Release|Any CPU
		{32F02AE2-8B1F-4693-B9C8-F98E7F12CD8F}.Release|x64.ActiveCfg = Release|Any CPU
		{32F02AE2-8B1F-4693-B9C8-F98E7F12CD8F}.Release|x64.Build.0 = Release|Any CPU
		{32F02AE2-8B1F-4693-B9C8-F98E7F12CD8F}.Release|x86.ActiveCfg = Release|Any CPU
		{32F02AE2-8B1F-4693-B9C8-F98E7F12CD8F}.Release|x86.Build.0 = Release|Any CPU
	EndGlobalSection
	GlobalSection(SolutionProperties) = preSolution
		HideSolutionNode = FALSE
	EndGlobalSection
	GlobalSection(NestedProjects) = preSolution
		{1B44CAC3-B7B2-4A21-ABE2-C9DDDF1BE5A8} = {827E0CD3-B72D-47B6-A68D-7590B98EB39B}
		{4C0304B9-9D7D-4EBD-8A5D-7B446C564215} = {827E0CD3-B72D-47B6-A68D-7590B98EB39B}
		{9D50A858-0C7A-4807-B488-3BA258D08858} = {827E0CD3-B72D-47B6-A68D-7590B98EB39B}
		{BADB84F1-622D-4A9C-9ADD-7E08877B33C1} = {827E0CD3-B72D-47B6-A68D-7590B98EB39B}
		{88A25F19-1395-4A15-85F8-E4761DFE6532} = {827E0CD3-B72D-47B6-A68D-7590B98EB39B}
		{DEEECB1F-DC34-4B3F-983A-FEE9FC0AAABF} = {827E0CD3-B72D-47B6-A68D-7590B98EB39B}
		{B1C67AD2-8990-49BE-AAC7-BF5D4CC31AB0} = {827E0CD3-B72D-47B6-A68D-7590B98EB39B}
		{47DAE5B6-649A-49EC-9082-6DA4744D2504} = {827E0CD3-B72D-47B6-A68D-7590B98EB39B}
		{463B0EDD-17F8-4640-B548-80ADD1495FB1} = {827E0CD3-B72D-47B6-A68D-7590B98EB39B}
		{32F02AE2-8B1F-4693-B9C8-F98E7F12CD8F} = {827E0CD3-B72D-47B6-A68D-7590B98EB39B}
	EndGlobalSection
EndGlobal
